{
  "nodes": {
    "app-daemon": {
      "inputs": {
        "nixpkgs": [
          "nixpkgs"
        ]
      },
      "locked": {
        "lastModified": 1787869143,
        "narHash": "sha256-QDf64lJv1I8QPQjc6e/OkaCqSfGA3Bnxy2YN+hkQMAA=",
        "ref": "main",
        "rev": "175ebfc46386735270aa7ab2e62b33467f601c3a",
        "revCount": 38,
        "type": "git",
        "url": "file:../app-daemon"
      },
      "original": {
        "ref": "main",
        "type": "git",
        "url": "file:../app-daemon"
      }
    },
    "bar-daemon": {
      "inputs": {
        "nixpkgs": [
          "nixpkgs"
        ]
      },
      "locked": {
        "lastModified": 1788050363,
        "narHash": "sha256-gYccgYsBT27xps0klVQKy8bDwUch2Efl91jvhyMFMQI=",
        "ref": "main",
        "rev": "e9fead338791ed1fb6647d001c547152209a0471",
        "revCount": 69,
        "type": "git",
        "url": "file:../bar-daemon"
      },
      "original": {
        "ref": "main",
        "type": "git",
        "url": "file:../bar-daemon"
      }
    },
    "bt-daemon": {
      "inputs": {
        "nixpkgs": [
          "nixpkgs"
        ]
      },
      "locked": {
        "lastModified": 1787869143,
        "narHash": "sha256-N2m8fNuKJSIdAvJAc74dF1QS67mCDsY2uj8v9CAdOns=",
        "ref": "main",
        "rev": "231e04642422e09193b68e6765394e8d62e36449",
        "revCount": 64,
        "type": "git",
        "url": "file:../bt-daemon"
      },
      "original": {
        "ref": "main",
        "type": "git",
        "url": "file:../bt-daemon"
      }
    },
    "clip-daemon": {
      "inputs": {
        "nixpkgs": [
          "nixpkgs"
        ]
      },
      "locked": {
        "lastModified": 1787869143,
        "narHash": "sha256-M3VQ8rGqJBC3Use2RSgB1/LYlXPPvOKbF5D2cKFTiLA=",
        "ref": "main",
        "rev": "b86edac5a412911eb789359fcb65919741f24b0b",
        "revCount": 57,
        "type": "git",
        "url": "file:../clip-daemon"
      },
      "original": {
        "ref": "main",
        "type": "git",
        "url": "file:../clip-daemon"
      }
    },
    "daemon-framework": {
      "inputs": {
        "nixpkgs": [
          "nixpkgs"
        ]
      },
      "locked": {
        "lastModified": 1787869763,
        "narHash": "sha256-PiHsCKoW0DoHuBDI7AYNts9GhmCTp1nUoLiC+nUoItQ=",
        "owner": "pmfleming",
        "repo": "daemon-framework",
        "rev": "4fc6b276b851c69788866a077240ad69b889df8a",
        "type": "github"
      },
      "original": {
        "owner": "pmfleming",
        "ref": "v0.1.0",
        "repo": "daemon-framework",
        "type": "github"
      }
    },
    "nixpkgs": {
      "locked": {
        "lastModified": 1784011430,
        "narHash": "sha256-lDebytrYdd47IBLwvNOD+6AGeoqZ78CIKlp70hzW280=",
        "owner": "NixOS",
        "repo": "nixpkgs",
        "rev": "8eeec934ae0dbeca3d7868c059568a65c08b2fc3",
        "type": "github"
      },
      "original": {
        "owner": "NixOS",
        "ref": "nixos-26.05",
        "repo": "nixpkgs",
        "type": "github"
      }
    },
    "nm-daemon": {
      "inputs": {
        "nixpkgs": [
          "nixpkgs"
        ]
      },
      "locked": {
        "lastModified": 1787868786,
        "narHash": "sha256-KNSRqNsbRkNwtylV8sr5JUq8dTEBzKoOnRoESRhTZFo=",
        "ref": "main",
        "rev": "eccafdd41bdefa103ec29787f7a8d473c9bd7fff",
        "revCount": 89,
        "type": "git",
        "url": "file:../nm-daemon"
      },
      "original": {
        "ref": "main",
        "type": "git",
        "url": "file:../nm-daemon"
      }
    },
    "root": {
      "inputs": {
        "app-daemon": "app-daemon",
        "bar-daemon": "bar-daemon",
        "bt-daemon": "bt-daemon",
        "clip-daemon": "clip-daemon",
        "daemon-framework": "daemon-framework",
        "nixpkgs": "nixpkgs",
        "nm-daemon": "nm-daemon"
      }
    }
  },
  "root": "root",
  "version": 7
}
