{
  "nodes": {
    "app-daemon": {
      "inputs": {
        "daemonFramework": [
          "daemon-framework"
        ],
        "hyprlandIpc": [
          "shelllist-hyprland"
        ],
        "nixpkgs": [
          "nixpkgs"
        ]
      },
      "locked": {
        "lastModified": 1789147222,
        "narHash": "sha256-CeLzSf6cJwn8Dnbk3tM0lXjzKH3Pz5tkNBT49OqNQfg=",
        "ref": "main",
        "rev": "e180f958f173f03ce8ee51de18323fc8b4b2e3c8",
        "revCount": 76,
        "type": "git",
        "url": "file:../app-daemon"
      },
      "original": {
        "ref": "main",
        "type": "git",
        "url": "file:../app-daemon"
      }
    },
    "bar-daemon": {
      "inputs": {
        "daemonFramework": [
          "daemon-framework"
        ],
        "hyprlandIpc": [
          "shelllist-hyprland"
        ],
        "nixpkgs": [
          "nixpkgs"
        ]
      },
      "locked": {
        "lastModified": 1789146854,
        "narHash": "sha256-1R8m9sRGnA2HbrYDSreNWO5rF2t1x9TVGhxP/7FkaEs=",
        "ref": "main",
        "rev": "bcbab3a2957a55f637372c031a6b963ab3a8ce29",
        "revCount": 103,
        "type": "git",
        "url": "file:../bar-daemon"
      },
      "original": {
        "ref": "main",
        "type": "git",
        "url": "file:../bar-daemon"
      }
    },
    "bt-daemon": {
      "inputs": {
        "daemonFramework": [
          "daemon-framework"
        ],
        "nixpkgs": [
          "nixpkgs"
        ]
      },
      "locked": {
        "lastModified": 1788899913,
        "narHash": "sha256-T0RdsHviczuXtY0EWWhcjB/LaPM4KXKIaDeMIrstDzg=",
        "ref": "main",
        "rev": "8a206e16fa30d3aadb01392a627e431014c222e7",
        "revCount": 109,
        "type": "git",
        "url": "file:../bt-daemon"
      },
      "original": {
        "ref": "main",
        "type": "git",
        "url": "file:../bt-daemon"
      }
    },
    "clip-daemon": {
      "inputs": {
        "daemonFramework": [
          "daemon-framework"
        ],
        "nixpkgs": [
          "nixpkgs"
        ]
      },
      "locked": {
        "lastModified": 1788470692,
        "narHash": "sha256-tUgPWVn2hJkU8yl8vPSBIIMD4oPa2dA8XxuVoqC+jjU=",
        "ref": "main",
        "rev": "35d64f5cc6ac9ed46e1215c2f0657f5005fefb49",
        "revCount": 81,
        "type": "git",
        "url": "file:../clip-daemon"
      },
      "original": {
        "ref": "main",
        "type": "git",
        "url": "file:../clip-daemon"
      }
    },
    "daemon-framework": {
      "inputs": {
        "nixpkgs": [
          "nixpkgs"
        ]
      },
      "locked": {
        "lastModified": 1788649527,
        "narHash": "sha256-cyOa1/ODfi5Xp1gBVBK03okxjX0e1vRSe4d36tzfaAs=",
        "ref": "main",
        "rev": "5b17083569a0bed82c8934ed77494c29a08832bf",
        "revCount": 33,
        "type": "git",
        "url": "file:../daemon-framework"
      },
      "original": {
        "ref": "main",
        "type": "git",
        "url": "file:../daemon-framework"
      }
    },
    "nixpkgs": {
      "locked": {
        "lastModified": 1784011430,
        "narHash": "sha256-lDebytrYdd47IBLwvNOD+6AGeoqZ78CIKlp70hzW280=",
        "owner": "NixOS",
        "repo": "nixpkgs",
        "rev": "8eeec934ae0dbeca3d7868c059568a65c08b2fc3",
        "type": "github"
      },
      "original": {
        "owner": "NixOS",
        "ref": "nixos-26.05",
        "repo": "nixpkgs",
        "type": "github"
      }
    },
    "nm-daemon": {
      "inputs": {
        "daemonFramework": [
          "daemon-framework"
        ],
        "nixpkgs": [
          "nixpkgs"
        ]
      },
      "locked": {
        "lastModified": 1788818565,
        "narHash": "sha256-QgU/RK7ii2hOv2sVQcbZlsoOPSwvYWMuD62NFC12FD8=",
        "ref": "main",
        "rev": "2de0462bf14e0462e79014d0c5b5204828043f08",
        "revCount": 123,
        "type": "git",
        "url": "file:../nm-daemon"
      },
      "original": {
        "ref": "main",
        "type": "git",
        "url": "file:../nm-daemon"
      }
    },
    "root": {
      "inputs": {
        "app-daemon": "app-daemon",
        "bar-daemon": "bar-daemon",
        "bt-daemon": "bt-daemon",
        "clip-daemon": "clip-daemon",
        "daemon-framework": "daemon-framework",
        "nixpkgs": "nixpkgs",
        "nm-daemon": "nm-daemon",
        "shelllist-hyprland": "shelllist-hyprland"
      }
    },
    "shelllist-hyprland": {
      "inputs": {
        "nixpkgs": [
          "nixpkgs"
        ]
      },
      "locked": {
        "lastModified": 1789146826,
        "narHash": "sha256-ksGjX5YP5mNfwXhk/hNJPUQrXC4PEa2H2myX71ErdZk=",
        "ref": "main",
        "rev": "00044fe7517d6632d9cbd9e7aa712aa771f6577d",
        "revCount": 3,
        "type": "git",
        "url": "file:../shelllist-hyprland"
      },
      "original": {
        "ref": "main",
        "type": "git",
        "url": "file:../shelllist-hyprland"
      }
    }
  },
  "root": "root",
  "version": 7
}
