{
  "nodes": {
    "app-daemon": {
      "inputs": {
        "nixpkgs": [
          "nixpkgs"
        ]
      },
      "locked": {
        "lastModified": 1787442634,
        "narHash": "sha256-4ELcNVSUTLVf3odGPLB+vlmoUxQE7ZArCLqpCG59O4w=",
        "ref": "main",
        "rev": "f696696871c6e4ae5d5cf08cc16961d9470e64ba",
        "revCount": 33,
        "type": "git",
        "url": "file:../app-daemon"
      },
      "original": {
        "ref": "main",
        "type": "git",
        "url": "file:../app-daemon"
      }
    },
    "bar-daemon": {
      "inputs": {
        "nixpkgs": [
          "nixpkgs"
        ]
      },
      "locked": {
        "lastModified": 1787439426,
        "narHash": "sha256-Flz82JY4lcXWLx3Gd/w0TUh2JYaOz112oEV1gwMawFE=",
        "ref": "main",
        "rev": "c90f1d673d3b8924bb001cd326d005b6238db215",
        "revCount": 61,
        "type": "git",
        "url": "file:../bar-daemon"
      },
      "original": {
        "ref": "main",
        "type": "git",
        "url": "file:../bar-daemon"
      }
    },
    "bt-daemon": {
      "inputs": {
        "nixpkgs": [
          "nixpkgs"
        ]
      },
      "locked": {
        "lastModified": 1786767328,
        "narHash": "sha256-FlWfthFr+LkDsx8v5Fmar50aYSvP8WuPIEZ/cY5qNMo=",
        "ref": "main",
        "rev": "03cf76f6241d5f5cdd178f9ac00cb326c151d80c",
        "revCount": 55,
        "type": "git",
        "url": "file:../bt-daemon"
      },
      "original": {
        "ref": "main",
        "type": "git",
        "url": "file:../bt-daemon"
      }
    },
    "clip-daemon": {
      "inputs": {
        "nixpkgs": [
          "nixpkgs"
        ]
      },
      "locked": {
        "lastModified": 1786726423,
        "narHash": "sha256-FJlRGTwBgK0Q/pTzh5n/CVaormEhLzcxjnLPtJcIM4U=",
        "ref": "main",
        "rev": "0bc342832db179efd516acfc714145e7b1088d71",
        "revCount": 50,
        "type": "git",
        "url": "file:../clip-daemon"
      },
      "original": {
        "ref": "main",
        "type": "git",
        "url": "file:../clip-daemon"
      }
    },
    "nixpkgs": {
      "locked": {
        "lastModified": 1784011430,
        "narHash": "sha256-lDebytrYdd47IBLwvNOD+6AGeoqZ78CIKlp70hzW280=",
        "owner": "NixOS",
        "repo": "nixpkgs",
        "rev": "8eeec934ae0dbeca3d7868c059568a65c08b2fc3",
        "type": "github"
      },
      "original": {
        "owner": "NixOS",
        "ref": "nixos-26.05",
        "repo": "nixpkgs",
        "type": "github"
      }
    },
    "nm-daemon": {
      "inputs": {
        "nixpkgs": [
          "nixpkgs"
        ]
      },
      "locked": {
        "lastModified": 1787400617,
        "narHash": "sha256-wKgJNkNZvoM4D6iDGuabyy0VsCpWGyqfGetukI9dSu8=",
        "ref": "main",
        "rev": "3be47a4c601d540ef94f8ac2bbaf2ff33fd685e3",
        "revCount": 76,
        "type": "git",
        "url": "file:../nm-daemon"
      },
      "original": {
        "ref": "main",
        "type": "git",
        "url": "file:../nm-daemon"
      }
    },
    "root": {
      "inputs": {
        "app-daemon": "app-daemon",
        "bar-daemon": "bar-daemon",
        "bt-daemon": "bt-daemon",
        "clip-daemon": "clip-daemon",
        "nixpkgs": "nixpkgs",
        "nm-daemon": "nm-daemon"
      }
    }
  },
  "root": "root",
  "version": 7
}
